
Microsoft Visual Studio Solution File, Format Version 12.00
# Visual Studio Version 16
VisualStudioVersion = 16.0.30611.23
MinimumVisualStudioVersion = 10.0.40219.1
Project("{9A19103F-16F7-4668-BE54-9A1E7A4F7556}") = "KampIntro", "KampIntro\KampIntro.csproj", "{2A938FFC-123B-415E-A344-16082AADDC0B}"
EndProject
Project("{9A19103F-16F7-4668-BE54-9A1E7A4F7556}") = "Donguler", "Donguler\Donguler.csproj", "{EE608017-EA9F-4BF6-85EC-B42A3743176F}"
EndProject
Project("{9A19103F-16F7-4668-BE54-9A1E7A4F7556}") = "ClassIntro", "ClassIntro\ClassIntro.csproj", "{70AA3340-0628-454A-B57F-C17F552E7758}"
EndProject
Project("{9A19103F-16F7-4668-BE54-9A1E7A4F7556}") = "Metotlar", "Metotlar\Metotlar.csproj", "{3E4569D0-43B8-468C-AFCC-26B12540AD1B}"
EndProject
Project("{9A19103F-16F7-4668-BE54-9A1E7A4F7556}") = "Matematik", "Matematik\Matematik.csproj", "{8B76FEC8-C194-401D-BF3D-749892EEB5CB}"
EndProject
Project("{9A19103F-16F7-4668-BE54-9A1E7A4F7556}") = "DegerVeReferansTipler", "DegerVeReferansTipler\DegerVeReferansTipler.csproj", "{FE72FF1A-B35B-4026-9F57-2AC0971E3CE2}"
EndProject
Project("{FAE04EC0-301F-11D3-BF4B-00C04F79EFBC}") = "OOP1", "OOP1\OOP1.csproj", "{5FEF709D-FE12-4E04-8CF9-BC0553F5FC4D}"
EndProject
Project("{FAE04EC0-301F-11D3-BF4B-00C04F79EFBC}") = "Koleksiyonlar", "Koleksiyonlar\Koleksiyonlar.csproj", "{A3E0B22F-F70C-4956-892A-B955A2B790BE}"
EndProject
Project("{FAE04EC0-301F-11D3-BF4B-00C04F79EFBC}") = "GenericsIntro", "GenericsIntro\GenericsIntro.csproj", "{31C272D0-448F-4DBA-9F06-5AA3C912A907}"
EndProject
Project("{FAE04EC0-301F-11D3-BF4B-00C04F79EFBC}") = "OOP2", "OOP2\OOP2.csproj", "{FAA2AA77-7BFA-451A-9C60-7B05D94D0172}"
EndProject
Project("{FAE04EC0-301F-11D3-BF4B-00C04F79EFBC}") = "OOP3", "OOP3\OOP3.csproj", "{465C4326-CA15-4E4B-84D9-775740C39661}"
EndProject
Project("{FAE04EC0-301F-11D3-BF4B-00C04F79EFBC}") = "GameProject", "GameProject\GameProject.csproj", "{691075BF-CD96-4B68-9E72-EF96EDE2F489}"
EndProject
Global
	GlobalSection(SolutionConfigurationPlatforms) = preSolution
		Debug|Any CPU = Debug|Any CPU
		Release|Any CPU = Release|Any CPU
	EndGlobalSection
	GlobalSection(ProjectConfigurationPlatforms) = postSolution
		{2A938FFC-123B-415E-A344-16082AADDC0B}.Debug|Any CPU.ActiveCfg = Debug|Any CPU
		{2A938FFC-123B-415E-A344-16082AADDC0B}.Debug|Any CPU.Build.0 = Debug|Any CPU
		{2A938FFC-123B-415E-A344-16082AADDC0B}.Release|Any CPU.ActiveCfg = Release|Any CPU
		{2A938FFC-123B-415E-A344-16082AADDC0B}.Release|Any CPU.Build.0 = Release|Any CPU
		{EE608017-EA9F-4BF6-85EC-B42A3743176F}.Debug|Any CPU.ActiveCfg = Debug|Any CPU
		{EE608017-EA9F-4BF6-85EC-B42A3743176F}.Debug|Any CPU.Build.0 = Debug|Any CPU
		{EE608017-EA9F-4BF6-85EC-B42A3743176F}.Release|Any CPU.ActiveCfg = Release|Any CPU
		{EE608017-EA9F-4BF6-85EC-B42A3743176F}.Release|Any CPU.Build.0 = Release|Any CPU
		{70AA3340-0628-454A-B57F-C17F552E7758}.Debug|Any CPU.ActiveCfg = Debug|Any CPU
		{70AA3340-0628-454A-B57F-C17F552E7758}.Debug|Any CPU.Build.0 = Debug|Any CPU
		{70AA3340-0628-454A-B57F-C17F552E7758}.Release|Any CPU.ActiveCfg = Release|Any CPU
		{70AA3340-0628-454A-B57F-C17F552E7758}.Release|Any CPU.Build.0 = Release|Any CPU
		{3E4569D0-43B8-468C-AFCC-26B12540AD1B}.Debug|Any CPU.ActiveCfg = Debug|Any CPU
		{3E4569D0-43B8-468C-AFCC-26B12540AD1B}.Debug|Any CPU.Build.0 = Debug|Any CPU
		{3E4569D0-43B8-468C-AFCC-26B12540AD1B}.Release|Any CPU.ActiveCfg = Release|Any CPU
		{3E4569D0-43B8-468C-AFCC-26B12540AD1B}.Release|Any CPU.Build.0 = Release|Any CPU
		{8B76FEC8-C194-401D-BF3D-749892EEB5CB}.Debug|Any CPU.ActiveCfg = Debug|Any CPU
		{8B76FEC8-C194-401D-BF3D-749892EEB5CB}.Debug|Any CPU.Build.0 = Debug|Any CPU
		{8B76FEC8-C194-401D-BF3D-749892EEB5CB}.Release|Any CPU.ActiveCfg = Release|Any CPU
		{8B76FEC8-C194-401D-BF3D-749892EEB5CB}.Release|Any CPU.Build.0 = Release|Any CPU
		{FE72FF1A-B35B-4026-9F57-2AC0971E3CE2}.Debug|Any CPU.ActiveCfg = Debug|Any CPU
		{FE72FF1A-B35B-4026-9F57-2AC0971E3CE2}.Debug|Any CPU.Build.0 = Debug|Any CPU
		{FE72FF1A-B35B-4026-9F57-2AC0971E3CE2}.Release|Any CPU.ActiveCfg = Release|Any CPU
		{FE72FF1A-B35B-4026-9F57-2AC0971E3CE2}.Release|Any CPU.Build.0 = Release|Any CPU
		{5FEF709D-FE12-4E04-8CF9-BC0553F5FC4D}.Debug|Any CPU.ActiveCfg = Debug|Any CPU
		{5FEF709D-FE12-4E04-8CF9-BC0553F5FC4D}.Debug|Any CPU.Build.0 = Debug|Any CPU
		{5FEF709D-FE12-4E04-8CF9-BC0553F5FC4D}.Release|Any CPU.ActiveCfg = Release|Any CPU
		{5FEF709D-FE12-4E04-8CF9-BC0553F5FC4D}.Release|Any CPU.Build.0 = Release|Any CPU
		{A3E0B22F-F70C-4956-892A-B955A2B790BE}.Debug|Any CPU.ActiveCfg = Debug|Any CPU
		{A3E0B22F-F70C-4956-892A-B955A2B790BE}.Debug|Any CPU.Build.0 = Debug|Any CPU
		{A3E0B22F-F70C-4956-892A-B955A2B790BE}.Release|Any CPU.ActiveCfg = Release|Any CPU
		{A3E0B22F-F70C-4956-892A-B955A2B790BE}.Release|Any CPU.Build.0 = Release|Any CPU
		{31C272D0-448F-4DBA-9F06-5AA3C912A907}.Debug|Any CPU.ActiveCfg = Debug|Any CPU
		{31C272D0-448F-4DBA-9F06-5AA3C912A907}.Debug|Any CPU.Build.0 = Debug|Any CPU
		{31C272D0-448F-4DBA-9F06-5AA3C912A907}.Release|Any CPU.ActiveCfg = Release|Any CPU
		{31C272D0-448F-4DBA-9F06-5AA3C912A907}.Release|Any CPU.Build.0 = Release|Any CPU
		{FAA2AA77-7BFA-451A-9C60-7B05D94D0172}.Debug|Any CPU.ActiveCfg = Debug|Any CPU
		{FAA2AA77-7BFA-451A-9C60-7B05D94D0172}.Debug|Any CPU.Build.0 = Debug|Any CPU
		{FAA2AA77-7BFA-451A-9C60-7B05D94D0172}.Release|Any CPU.ActiveCfg = Release|Any CPU
		{FAA2AA77-7BFA-451A-9C60-7B05D94D0172}.Release|Any CPU.Build.0 = Release|Any CPU
		{465C4326-CA15-4E4B-84D9-775740C39661}.Debug|Any CPU.ActiveCfg = Debug|Any CPU
		{465C4326-CA15-4E4B-84D9-775740C39661}.Debug|Any CPU.Build.0 = Debug|Any CPU
		{465C4326-CA15-4E4B-84D9-775740C39661}.Release|Any CPU.ActiveCfg = Release|Any CPU
		{465C4326-CA15-4E4B-84D9-775740C39661}.Release|Any CPU.Build.0 = Release|Any CPU
		{691075BF-CD96-4B68-9E72-EF96EDE2F489}.Debug|Any CPU.ActiveCfg = Debug|Any CPU
		{691075BF-CD96-4B68-9E72-EF96EDE2F489}.Debug|Any CPU.Build.0 = Debug|Any CPU
		{691075BF-CD96-4B68-9E72-EF96EDE2F489}.Release|Any CPU.ActiveCfg = Release|Any CPU
		{691075BF-CD96-4B68-9E72-EF96EDE2F489}.Release|Any CPU.Build.0 = Release|Any CPU
	EndGlobalSection
	GlobalSection(SolutionProperties) = preSolution
		HideSolutionNode = FALSE
	EndGlobalSection
	GlobalSection(ExtensibilityGlobals) = postSolution
		SolutionGuid = {3245E5BF-2A21-4762-B57E-C95B424F465A}
	EndGlobalSection
EndGlobal
